
Microsoft Visual Studio Solution File, Format Version 12.00
# Visual Studio Version 16
VisualStudioVersion = 16.0.31205.134
MinimumVisualStudioVersion = 10.0.40219.1
Project("{FAE04EC0-301F-11D3-BF4B-00C04F79EFBC}") = "DCAMX-IOEX", "DCAMX-IOEX.csproj", "{CDA2EB3E-642A-43AA-B616-16775298CF38}"
EndProject
Global
	GlobalSection(SolutionConfigurationPlatforms) = preSolution
		Debug|Any CPU = Debug|Any CPU
		Release|Any CPU = Release|Any CPU
	EndGlobalSection
	GlobalSection(ProjectConfigurationPlatforms) = postSolution
		{CDA2EB3E-642A-43AA-B616-16775298CF38}.Debug|Any CPU.ActiveCfg = Debug|Any CPU
		{CDA2EB3E-642A-43AA-B616-16775298CF38}.Debug|Any CPU.Build.0 = Debug|Any CPU
		{CDA2EB3E-642A-43AA-B616-16775298CF38}.Release|Any CPU.ActiveCfg = Release|Any CPU
		{CDA2EB3E-642A-43AA-B616-16775298CF38}.Release|Any CPU.Build.0 = Release|Any CPU
	EndGlobalSection
	GlobalSection(SolutionProperties) = preSolution
		HideSolutionNode = FALSE
	EndGlobalSection
	GlobalSection(ExtensibilityGlobals) = postSolution
		SolutionGuid = {01315CF2-15E6-4164-BA8D-4410FB940833}
	EndGlobalSection
EndGlobal
